github.com/youtube/vitess v0.0.0-20151013041645-ba320fc84593 h1:348rkfeq19xFtNMj+PUtlyqq1hBWXtgfSgTiNXele8w=
github.com/youtube/vitess v0.0.0-20151013041645-ba320fc84593/go.mod h1:hpMim5/30F1r+0P8GGtB29d0gWHr0IZ5unS+CG0zMx8=
golang.org/x/net v0.0.0-20151008145043-b846920a172a h1:r4AyojsGB9Y0Xyl2XZ86iJcY3rj1eATk765OjLub6SQ=
golang.org/x/net v0.0.0-20151008145043-b846920a172a/go.mod h1:mL1N/T3taQHkDXs73rZJwtUhF3w3ftmwwsq0BUmARs4=
